
Microsoft Visual Studio Solution File, Format Version 12.00
# Visual Studio 15
VisualStudioVersion = 15.0.26730.15
MinimumVisualStudioVersion = 10.0.40219.1
Project("{2150E333-8FDC-42A3-9474-1A3956D46DE8}") = "doc", "doc", "{FBB2E1E1-D7A0-4879-9A35-1EC6BCD28529}"
	ProjectSection(SolutionItems) = preProject
		..\LICENSE = ..\LICENSE
		..\README.md = ..\README.md
		..\doc\Research.md = ..\doc\Research.md
	EndProjectSection
EndProject
Project("{9A19103F-16F7-4668-BE54-9A1E7A4F7556}") = "app", "app\app.csproj", "{76D5F2C4-6B09-46C9-8237-410D9475DDFB}"
EndProject
Project("{2150E333-8FDC-42A3-9474-1A3956D46DE8}") = "deploy", "deploy", "{10096667-4816-47C2-8F2E-BBB63E5C497F}"
	ProjectSection(SolutionItems) = preProject
		scripts\install-app.sh = scripts\install-app.sh
	EndProjectSection
EndProject
Project("{2150E333-8FDC-42A3-9474-1A3956D46DE8}") = "data", "data", "{95CFE9A2-E4FB-4AE8-B76B-8966748D4B7D}"
	ProjectSection(SolutionItems) = preProject
		data\ISO_3166-2_Dataset.sql = data\ISO_3166-2_Dataset.sql
		data\ISO_3166-2_Schema.sql = data\ISO_3166-2_Schema.sql
	EndProjectSection
EndProject
Project("{151D2E53-A2C4-4D7D-83FE-D05416EBD58E}") = "ARM", "scripts\ARM\ARM.deployproj", "{A813769B-CCD6-4A37-999F-4CC958160B46}"
EndProject
Global
	GlobalSection(SolutionConfigurationPlatforms) = preSolution
		Debug|Any CPU = Debug|Any CPU
		Release|Any CPU = Release|Any CPU
	EndGlobalSection
	GlobalSection(ProjectConfigurationPlatforms) = postSolution
		{A813769B-CCD6-4A37-999F-4CC958160B46}.Debug|Any CPU.ActiveCfg = Debug|Any CPU
		{A813769B-CCD6-4A37-999F-4CC958160B46}.Debug|Any CPU.Build.0 = Debug|Any CPU
		{A813769B-CCD6-4A37-999F-4CC958160B46}.Release|Any CPU.ActiveCfg = Release|Any CPU
		{A813769B-CCD6-4A37-999F-4CC958160B46}.Release|Any CPU.Build.0 = Release|Any CPU
		{76D5F2C4-6B09-46C9-8237-410D9475DDFB}.Debug|Any CPU.ActiveCfg = Debug|Any CPU
		{76D5F2C4-6B09-46C9-8237-410D9475DDFB}.Debug|Any CPU.Build.0 = Debug|Any CPU
		{76D5F2C4-6B09-46C9-8237-410D9475DDFB}.Release|Any CPU.ActiveCfg = Release|Any CPU
		{76D5F2C4-6B09-46C9-8237-410D9475DDFB}.Release|Any CPU.Build.0 = Release|Any CPU
	EndGlobalSection
	GlobalSection(SolutionProperties) = preSolution
		HideSolutionNode = FALSE
	EndGlobalSection
	GlobalSection(ExtensibilityGlobals) = postSolution
		SolutionGuid = {5822B482-8EB5-4987-AB2A-D06D5577ED9A}
	EndGlobalSection
EndGlobal
