
Microsoft Visual Studio Solution File, Format Version 12.00
# Visual Studio 15
VisualStudioVersion = 15.0.25428.1
MinimumVisualStudioVersion = 10.0.40219.1
Project("{151D2E53-A2C4-4D7D-83FE-D05416EBD58E}") = "ARM", "scripts\ARM\ARM.deployproj", "{A813769B-CCD6-4A37-999F-4CC958160B46}"
EndProject
Project("{2150E333-8FDC-42A3-9474-1A3956D46DE8}") = "doc", "doc", "{FBB2E1E1-D7A0-4879-9A35-1EC6BCD28529}"
	ProjectSection(SolutionItems) = preProject
		..\LICENSE = ..\LICENSE
		..\README.md = ..\README.md
		..\doc\Research.md = ..\doc\Research.md
	EndProjectSection
EndProject
Project("{8BB2217D-0F2D-49D1-97BC-3654ED321F3B}") = "app", "app\app.xproj", "{4D6D9C76-0DC8-4F85-A865-8332EF46A770}"
EndProject
Project("{2150E333-8FDC-42A3-9474-1A3956D46DE8}") = "deploy", "deploy", "{10096667-4816-47C2-8F2E-BBB63E5C497F}"
	ProjectSection(SolutionItems) = preProject
		scripts\install-app.sh = scripts\install-app.sh
	EndProjectSection
EndProject
Global
	GlobalSection(SolutionConfigurationPlatforms) = preSolution
		Debug|Any CPU = Debug|Any CPU
		Release|Any CPU = Release|Any CPU
	EndGlobalSection
	GlobalSection(ProjectConfigurationPlatforms) = postSolution
		{A813769B-CCD6-4A37-999F-4CC958160B46}.Debug|Any CPU.ActiveCfg = Debug|Any CPU
		{A813769B-CCD6-4A37-999F-4CC958160B46}.Debug|Any CPU.Build.0 = Debug|Any CPU
		{A813769B-CCD6-4A37-999F-4CC958160B46}.Release|Any CPU.ActiveCfg = Release|Any CPU
		{A813769B-CCD6-4A37-999F-4CC958160B46}.Release|Any CPU.Build.0 = Release|Any CPU
		{4D6D9C76-0DC8-4F85-A865-8332EF46A770}.Debug|Any CPU.ActiveCfg = Debug|Any CPU
		{4D6D9C76-0DC8-4F85-A865-8332EF46A770}.Debug|Any CPU.Build.0 = Debug|Any CPU
		{4D6D9C76-0DC8-4F85-A865-8332EF46A770}.Release|Any CPU.ActiveCfg = Release|Any CPU
		{4D6D9C76-0DC8-4F85-A865-8332EF46A770}.Release|Any CPU.Build.0 = Release|Any CPU
	EndGlobalSection
	GlobalSection(SolutionProperties) = preSolution
		HideSolutionNode = FALSE
	EndGlobalSection
EndGlobal
